// !$*UTF8*$!
{
	archiveVersion = 1;
	classes = {
	};
	objectVersion = 46;
	objects = {

/* Begin PBXBuildFile section */
		2B58A71F202B690B000C09AF /* AppDelegate.swift in Sources */ = {isa = PBXBuildFile; fileRef = 2B58A71E202B690B000C09AF /* AppDelegate.swift */; };
		2B58A721202B690B000C09AF /* GoalsVC.swift in Sources */ = {isa = PBXBuildFile; fileRef = 2B58A720202B690B000C09AF /* GoalsVC.swift */; };
		2B58A724202B690B000C09AF /* Main.storyboard in Resources */ = {isa = PBXBuildFile; fileRef = 2B58A722202B690B000C09AF /* Main.storyboard */; };
		2B58A727202B690B000C09AF /* goadpost_app.xcdatamodeld in Sources */ = {isa = PBXBuildFile; fileRef = 2B58A725202B690B000C09AF /* goadpost_app.xcdatamodeld */; };
		2B58A729202B690B000C09AF /* Assets.xcassets in Resources */ = {isa = PBXBuildFile; fileRef = 2B58A728202B690B000C09AF /* Assets.xcassets */; };
		2B58A72C202B690B000C09AF /* LaunchScreen.storyboard in Resources */ = {isa = PBXBuildFile; fileRef = 2B58A72A202B690B000C09AF /* LaunchScreen.storyboard */; };
		2B58A738202B7A8A000C09AF /* GoalCell.swift in Sources */ = {isa = PBXBuildFile; fileRef = 2B58A737202B7A8A000C09AF /* GoalCell.swift */; };
		2B58A73A202B880B000C09AF /* GoalType.swift in Sources */ = {isa = PBXBuildFile; fileRef = 2B58A739202B880B000C09AF /* GoalType.swift */; };
		2B58A73C202B9002000C09AF /* CreateGoalVC.swift in Sources */ = {isa = PBXBuildFile; fileRef = 2B58A73B202B9002000C09AF /* CreateGoalVC.swift */; };
		2B58A73E202B9337000C09AF /* UIViewControolerExt.swift in Sources */ = {isa = PBXBuildFile; fileRef = 2B58A73D202B9337000C09AF /* UIViewControolerExt.swift */; };
		2B58A740202B97B5000C09AF /* UIViewExt.swift in Sources */ = {isa = PBXBuildFile; fileRef = 2B58A73F202B97B5000C09AF /* UIViewExt.swift */; };
		2B58A742202B9BB1000C09AF /* UIButtonExt.swift in Sources */ = {isa = PBXBuildFile; fileRef = 2B58A741202B9BB1000C09AF /* UIButtonExt.swift */; };
/* End PBXBuildFile section */

/* Begin PBXFileReference section */
		2B58A71B202B690B000C09AF /* goadpost-app.app */ = {isa = PBXFileReference; explicitFileType = wrapper.application; includeInIndex = 0; path = "goadpost-app.app"; sourceTree = BUILT_PRODUCTS_DIR; };
		2B58A71E202B690B000C09AF /* AppDelegate.swift */ = {isa = PBXFileReference; lastKnownFileType = sourcecode.swift; path = AppDelegate.swift; sourceTree = "<group>"; };
		2B58A720202B690B000C09AF /* GoalsVC.swift */ = {isa = PBXFileReference; lastKnownFileType = sourcecode.swift; name = GoalsVC.swift; path = "goadpost-app/GoalsVC.swift"; sourceTree = "<group>"; };
		2B58A723202B690B000C09AF /* Base */ = {isa = PBXFileReference; lastKnownFileType = file.storyboard; name = Base; path = Base.lproj/Main.storyboard; sourceTree = "<group>"; };
		2B58A726202B690B000C09AF /* goadpost_app.xcdatamodel */ = {isa = PBXFileReference; lastKnownFileType = wrapper.xcdatamodel; path = goadpost_app.xcdatamodel; sourceTree = "<group>"; };
		2B58A728202B690B000C09AF /* Assets.xcassets */ = {isa = PBXFileReference; lastKnownFileType = folder.assetcatalog; path = Assets.xcassets; sourceTree = "<group>"; };
		2B58A72B202B690B000C09AF /* Base */ = {isa = PBXFileReference; lastKnownFileType = file.storyboard; name = Base; path = Base.lproj/LaunchScreen.storyboard; sourceTree = "<group>"; };
		2B58A72D202B690B000C09AF /* Info.plist */ = {isa = PBXFileReference; lastKnownFileType = text.plist.xml; path = Info.plist; sourceTree = "<group>"; };
		2B58A737202B7A8A000C09AF /* GoalCell.swift */ = {isa = PBXFileReference; fileEncoding = 4; lastKnownFileType = sourcecode.swift; path = GoalCell.swift; sourceTree = "<group>"; };
		2B58A739202B880B000C09AF /* GoalType.swift */ = {isa = PBXFileReference; fileEncoding = 4; lastKnownFileType = sourcecode.swift; path = GoalType.swift; sourceTree = "<group>"; };
		2B58A73B202B9002000C09AF /* CreateGoalVC.swift */ = {isa = PBXFileReference; fileEncoding = 4; lastKnownFileType = sourcecode.swift; path = CreateGoalVC.swift; sourceTree = "<group>"; };
		2B58A73D202B9337000C09AF /* UIViewControolerExt.swift */ = {isa = PBXFileReference; fileEncoding = 4; lastKnownFileType = sourcecode.swift; path = UIViewControolerExt.swift; sourceTree = "<group>"; };
		2B58A73F202B97B5000C09AF /* UIViewExt.swift */ = {isa = PBXFileReference; fileEncoding = 4; lastKnownFileType = sourcecode.swift; path = UIViewExt.swift; sourceTree = "<group>"; };
		2B58A741202B9BB1000C09AF /* UIButtonExt.swift */ = {isa = PBXFileReference; fileEncoding = 4; lastKnownFileType = sourcecode.swift; path = UIButtonExt.swift; sourceTree = "<group>"; };
/* End PBXFileReference section */

/* Begin PBXFrameworksBuildPhase section */
		2B58A718202B690B000C09AF /* Frameworks */ = {
			isa = PBXFrameworksBuildPhase;
			buildActionMask = 2147483647;
			files = (
			);
			runOnlyForDeploymentPostprocessing = 0;
		};
/* End PBXFrameworksBuildPhase section */

/* Begin PBXGroup section */
		2B58A712202B690B000C09AF = {
			isa = PBXGroup;
			children = (
				2B58A736202B6970000C09AF /* Extensions */,
				2B58A735202B6966000C09AF /* Enums */,
				2B58A734202B6947000C09AF /* Views */,
				2B58A733202B6935000C09AF /* Controller */,
				2B58A71D202B690B000C09AF /* goadpost-app */,
				2B58A71C202B690B000C09AF /* Products */,
			);
			sourceTree = "<group>";
		};
		2B58A71C202B690B000C09AF /* Products */ = {
			isa = PBXGroup;
			children = (
				2B58A71B202B690B000C09AF /* goadpost-app.app */,
			);
			name = Products;
			sourceTree = "<group>";
		};
		2B58A71D202B690B000C09AF /* goadpost-app */ = {
			isa = PBXGroup;
			children = (
				2B58A71E202B690B000C09AF /* AppDelegate.swift */,
				2B58A722202B690B000C09AF /* Main.storyboard */,
				2B58A728202B690B000C09AF /* Assets.xcassets */,
				2B58A72A202B690B000C09AF /* LaunchScreen.storyboard */,
				2B58A72D202B690B000C09AF /* Info.plist */,
				2B58A725202B690B000C09AF /* goadpost_app.xcdatamodeld */,
			);
			path = "goadpost-app";
			sourceTree = "<group>";
		};
		2B58A733202B6935000C09AF /* Controller */ = {
			isa = PBXGroup;
			children = (
				2B58A720202B690B000C09AF /* GoalsVC.swift */,
				2B58A73B202B9002000C09AF /* CreateGoalVC.swift */,
			);
			name = Controller;
			sourceTree = "<group>";
		};
		2B58A734202B6947000C09AF /* Views */ = {
			isa = PBXGroup;
			children = (
				2B58A737202B7A8A000C09AF /* GoalCell.swift */,
			);
			name = Views;
			sourceTree = "<group>";
		};
		2B58A735202B6966000C09AF /* Enums */ = {
			isa = PBXGroup;
			children = (
				2B58A739202B880B000C09AF /* GoalType.swift */,
			);
			name = Enums;
			sourceTree = "<group>";
		};
		2B58A736202B6970000C09AF /* Extensions */ = {
			isa = PBXGroup;
			children = (
				2B58A73D202B9337000C09AF /* UIViewControolerExt.swift */,
				2B58A73F202B97B5000C09AF /* UIViewExt.swift */,
				2B58A741202B9BB1000C09AF /* UIButtonExt.swift */,
			);
			name = Extensions;
			sourceTree = "<group>";
		};
/* End PBXGroup section */

/* Begin PBXNativeTarget section */
		2B58A71A202B690B000C09AF /* goadpost-app */ = {
			isa = PBXNativeTarget;
			buildConfigurationList = 2B58A730202B690B000C09AF /* Build configuration list for PBXNativeTarget "goadpost-app" */;
			buildPhases = (
				2B58A717202B690B000C09AF /* Sources */,
				2B58A718202B690B000C09AF /* Frameworks */,
				2B58A719202B690B000C09AF /* Resources */,
			);
			buildRules = (
			);
			dependencies = (
			);
			name = "goadpost-app";
			productName = "goadpost-app";
			productReference = 2B58A71B202B690B000C09AF /* goadpost-app.app */;
			productType = "com.apple.product-type.application";
		};
/* End PBXNativeTarget section */

/* Begin PBXProject section */
		2B58A713202B690B000C09AF /* Project object */ = {
			isa = PBXProject;
			attributes = {
				LastSwiftUpdateCheck = 0820;
				LastUpgradeCheck = 0820;
				ORGANIZATIONNAME = "Sebastian Salamanca";
				TargetAttributes = {
					2B58A71A202B690B000C09AF = {
						CreatedOnToolsVersion = 8.2.1;
						ProvisioningStyle = Automatic;
					};
				};
			};
			buildConfigurationList = 2B58A716202B690B000C09AF /* Build configuration list for PBXProject "goadpost-app" */;
			compatibilityVersion = "Xcode 3.2";
			developmentRegion = English;
			hasScannedForEncodings = 0;
			knownRegions = (
				en,
				Base,
			);
			mainGroup = 2B58A712202B690B000C09AF;
			productRefGroup = 2B58A71C202B690B000C09AF /* Products */;
			projectDirPath = "";
			projectRoot = "";
			targets = (
				2B58A71A202B690B000C09AF /* goadpost-app */,
			);
		};
/* End PBXProject section */

/* Begin PBXResourcesBuildPhase section */
		2B58A719202B690B000C09AF /* Resources */ = {
			isa = PBXResourcesBuildPhase;
			buildActionMask = 2147483647;
			files = (
				2B58A72C202B690B000C09AF /* LaunchScreen.storyboard in Resources */,
				2B58A729202B690B000C09AF /* Assets.xcassets in Resources */,
				2B58A724202B690B000C09AF /* Main.storyboard in Resources */,
			);
			runOnlyForDeploymentPostprocessing = 0;
		};
/* End PBXResourcesBuildPhase section */

/* Begin PBXSourcesBuildPhase section */
		2B58A717202B690B000C09AF /* Sources */ = {
			isa = PBXSourcesBuildPhase;
			buildActionMask = 2147483647;
			files = (
				2B58A738202B7A8A000C09AF /* GoalCell.swift in Sources */,
				2B58A73E202B9337000C09AF /* UIViewControolerExt.swift in Sources */,
				2B58A73C202B9002000C09AF /* CreateGoalVC.swift in Sources */,
				2B58A73A202B880B000C09AF /* GoalType.swift in Sources */,
				2B58A740202B97B5000C09AF /* UIViewExt.swift in Sources */,
				2B58A727202B690B000C09AF /* goadpost_app.xcdatamodeld in Sources */,
				2B58A721202B690B000C09AF /* GoalsVC.swift in Sources */,
				2B58A742202B9BB1000C09AF /* UIButtonExt.swift in Sources */,
				2B58A71F202B690B000C09AF /* AppDelegate.swift in Sources */,
			);
			runOnlyForDeploymentPostprocessing = 0;
		};
/* End PBXSourcesBuildPhase section */

/* Begin PBXVariantGroup section */
		2B58A722202B690B000C09AF /* Main.storyboard */ = {
			isa = PBXVariantGroup;
			children = (
				2B58A723202B690B000C09AF /* Base */,
			);
			name = Main.storyboard;
			sourceTree = "<group>";
		};
		2B58A72A202B690B000C09AF /* LaunchScreen.storyboard */ = {
			isa = PBXVariantGroup;
			children = (
				2B58A72B202B690B000C09AF /* Base */,
			);
			name = LaunchScreen.storyboard;
			sourceTree = "<group>";
		};
/* End PBXVariantGroup section */

/* Begin XCBuildConfiguration section */
		2B58A72E202B690B000C09AF /* Debug */ = {
			isa = XCBuildConfiguration;
			buildSettings = {
				ALWAYS_SEARCH_USER_PATHS = NO;
				CLANG_ANALYZER_NONNULL = YES;
				CLANG_CXX_LANGUAGE_STANDARD = "gnu++0x";
				CLANG_CXX_LIBRARY = "libc++";
				CLANG_ENABLE_MODULES = YES;
				CLANG_ENABLE_OBJC_ARC = YES;
				CLANG_WARN_BOOL_CONVERSION = YES;
				CLANG_WARN_CONSTANT_CONVERSION = YES;
				CLANG_WARN_DIRECT_OBJC_ISA_USAGE = YES_ERROR;
				CLANG_WARN_DOCUMENTATION_COMMENTS = YES;
				CLANG_WARN_EMPTY_BODY = YES;
				CLANG_WARN_ENUM_CONVERSION = YES;
				CLANG_WARN_INFINITE_RECURSION = YES;
				CLANG_WARN_INT_CONVERSION = YES;
				CLANG_WARN_OBJC_ROOT_CLASS = YES_ERROR;
				CLANG_WARN_SUSPICIOUS_MOVE = YES;
				CLANG_WARN_UNREACHABLE_CODE = YES;
				CLANG_WARN__DUPLICATE_METHOD_MATCH = YES;
				"CODE_SIGN_IDENTITY[sdk=iphoneos*]" = "iPhone Developer";
				COPY_PHASE_STRIP = NO;
				DEBUG_INFORMATION_FORMAT = dwarf;
				ENABLE_STRICT_OBJC_MSGSEND = YES;
				ENABLE_TESTABILITY = YES;
				GCC_C_LANGUAGE_STANDARD = gnu99;
				GCC_DYNAMIC_NO_PIC = NO;
				GCC_NO_COMMON_BLOCKS = YES;
				GCC_OPTIMIZATION_LEVEL = 0;
				GCC_PREPROCESSOR_DEFINITIONS = (
					"DEBUG=1",
					"$(inherited)",
				);
				GCC_WARN_64_TO_32_BIT_CONVERSION = YES;
				GCC_WARN_ABOUT_RETURN_TYPE = YES_ERROR;
				GCC_WARN_UNDECLARED_SELECTOR = YES;
				GCC_WARN_UNINITIALIZED_AUTOS = YES_AGGRESSIVE;
				GCC_WARN_UNUSED_FUNCTION = YES;
				GCC_WARN_UNUSED_VARIABLE = YES;
				IPHONEOS_DEPLOYMENT_TARGET = 10.2;
				MTL_ENABLE_DEBUG_INFO = YES;
				ONLY_ACTIVE_ARCH = YES;
				SDKROOT = iphoneos;
				SWIFT_ACTIVE_COMPILATION_CONDITIONS = DEBUG;
				SWIFT_OPTIMIZATION_LEVEL = "-Onone";
			};
			name = Debug;
		};
		2B58A72F202B690B000C09AF /* Release */ = {
			isa = XCBuildConfiguration;
			buildSettings = {
				ALWAYS_SEARCH_USER_PATHS = NO;
				CLANG_ANALYZER_NONNULL = YES;
				CLANG_CXX_LANGUAGE_STANDARD = "gnu++0x";
				CLANG_CXX_LIBRARY = "libc++";
				CLANG_ENABLE_MODULES = YES;
				CLANG_ENABLE_OBJC_ARC = YES;
				CLANG_WARN_BOOL_CONVERSION = YES;
				CLANG_WARN_CONSTANT_CONVERSION = YES;
				CLANG_WARN_DIRECT_OBJC_ISA_USAGE = YES_ERROR;
				CLANG_WARN_DOCUMENTATION_COMMENTS = YES;
				CLANG_WARN_EMPTY_BODY = YES;
				CLANG_WARN_ENUM_CONVERSION = YES;
				CLANG_WARN_INFINITE_RECURSION = YES;
				CLANG_WARN_INT_CONVERSION = YES;
				CLANG_WARN_OBJC_ROOT_CLASS = YES_ERROR;
				CLANG_WARN_SUSPICIOUS_MOVE = YES;
				CLANG_WARN_UNREACHABLE_CODE = YES;
				CLANG_WARN__DUPLICATE_METHOD_MATCH = YES;
				"CODE_SIGN_IDENTITY[sdk=iphoneos*]" = "iPhone Developer";
				COPY_PHASE_STRIP = NO;
				DEBUG_INFORMATION_FORMAT = "dwarf-with-dsym";
				ENABLE_NS_ASSERTIONS = NO;
				ENABLE_STRICT_OBJC_MSGSEND = YES;
				GCC_C_LANGUAGE_STANDARD = gnu99;
				GCC_NO_COMMON_BLOCKS = YES;
				GCC_WARN_64_TO_32_BIT_CONVERSION = YES;
				GCC_WARN_ABOUT_RETURN_TYPE = YES_ERROR;
				GCC_WARN_UNDECLARED_SELECTOR = YES;
				GCC_WARN_UNINITIALIZED_AUTOS = YES_AGGRESSIVE;
				GCC_WARN_UNUSED_FUNCTION = YES;
				GCC_WARN_UNUSED_VARIABLE = YES;
				IPHONEOS_DEPLOYMENT_TARGET = 10.2;
				MTL_ENABLE_DEBUG_INFO = NO;
				SDKROOT = iphoneos;
				SWIFT_OPTIMIZATION_LEVEL = "-Owholemodule";
				VALIDATE_PRODUCT = YES;
			};
			name = Release;
		};
		2B58A731202B690B000C09AF /* Debug */ = {
			isa = XCBuildConfiguration;
			buildSettings = {
				ASSETCATALOG_COMPILER_APPICON_NAME = AppIcon;
				INFOPLIST_FILE = "goadpost-app/Info.plist";
				LD_RUNPATH_SEARCH_PATHS = "$(inherited) @executable_path/Frameworks";
				PRODUCT_BUNDLE_IDENTIFIER = "com.cratepull.goadpost-app";
				PRODUCT_NAME = "$(TARGET_NAME)";
				SWIFT_VERSION = 3.0;
			};
			name = Debug;
		};
		2B58A732202B690B000C09AF /* Release */ = {
			isa = XCBuildConfiguration;
			buildSettings = {
				ASSETCATALOG_COMPILER_APPICON_NAME = AppIcon;
				INFOPLIST_FILE = "goadpost-app/Info.plist";
				LD_RUNPATH_SEARCH_PATHS = "$(inherited) @executable_path/Frameworks";
				PRODUCT_BUNDLE_IDENTIFIER = "com.cratepull.goadpost-app";
				PRODUCT_NAME = "$(TARGET_NAME)";
				SWIFT_VERSION = 3.0;
			};
			name = Release;
		};
/* End XCBuildConfiguration section */

/* Begin XCConfigurationList section */
		2B58A716202B690B000C09AF /* Build configuration list for PBXProject "goadpost-app" */ = {
			isa = XCConfigurationList;
			buildConfigurations = (
				2B58A72E202B690B000C09AF /* Debug */,
				2B58A72F202B690B000C09AF /* Release */,
			);
			defaultConfigurationIsVisible = 0;
			defaultConfigurationName = Release;
		};
		2B58A730202B690B000C09AF /* Build configuration list for PBXNativeTarget "goadpost-app" */ = {
			isa = XCConfigurationList;
			buildConfigurations = (
				2B58A731202B690B000C09AF /* Debug */,
				2B58A732202B690B000C09AF /* Release */,
			);
			defaultConfigurationIsVisible = 0;
			defaultConfigurationName = Release;
		};
/* End XCConfigurationList section */

/* Begin XCVersionGroup section */
		2B58A725202B690B000C09AF /* goadpost_app.xcdatamodeld */ = {
			isa = XCVersionGroup;
			children = (
				2B58A726202B690B000C09AF /* goadpost_app.xcdatamodel */,
			);
			currentVersion = 2B58A726202B690B000C09AF /* goadpost_app.xcdatamodel */;
			path = goadpost_app.xcdatamodeld;
			sourceTree = "<group>";
			versionGroupType = wrapper.xcdatamodel;
		};
/* End XCVersionGroup section */
	};
	rootObject = 2B58A713202B690B000C09AF /* Project object */;
}
